{
	"name": "peribot",
	"version": "0.0.0-alpha.1",
	"lockfileVersion": 3,
	"requires": true,
	"packages": {
		"": {
			"name": "peribot",
			"version": "0.0.0-alpha.1",
			"dependencies": {
				"hono": "^3.12.2"
			},
			"devDependencies": {
				"@cloudflare/workers-types": "^4.20231218.0",
				"discord-interactions": "^3.4.0",
				"nanoid": "^4.0.1",
				"node-fetch": "^3.3.2",
				"typescript": "^5.3.3"
			}
		},
		"node_modules/@cloudflare/workers-types": {
			"version": "4.20231218.0",
			"resolved": "https://registry.npmjs.org/@cloudflare/workers-types/-/workers-types-4.20231218.0.tgz",
			"integrity": "sha512-Vs1FKjfUjXYGbCsXzkl+ITp0Iyb6QiW6+vTERTNThC+v96T0IvPVAioH4tT20rXwoxAfxh380mAaxYtTrJUNVg==",
			"dev": true
		},
		"node_modules/data-uri-to-buffer": {
			"version": "4.0.1",
			"resolved": "https://registry.npmjs.org/data-uri-to-buffer/-/data-uri-to-buffer-4.0.1.tgz",
			"integrity": "sha512-0R9ikRb668HB7QDxT1vkpuUBtqc53YyAwMwGeUFKRojY/NWKvdZ+9UYtRfGmhqNbRkTSVpMbmyhXipFFv2cb/A==",
			"dev": true,
			"engines": {
				"node": ">= 12"
			}
		},
		"node_modules/discord-interactions": {
			"version": "3.4.0",
			"resolved": "https://registry.npmjs.org/discord-interactions/-/discord-interactions-3.4.0.tgz",
			"integrity": "sha512-DG0Jxdd/FcK8liAPhIP4u5YHpnz50JWn9DK4OavxsLD49/WGimXtP3EdOY439MaWyCgQfsfFkA1GsTEyu63RzA==",
			"dev": true,
			"dependencies": {
				"tweetnacl": "^1.0.3"
			},
			"engines": {
				"node": ">=12"
			}
		},
		"node_modules/fetch-blob": {
			"version": "3.2.0",
			"resolved": "https://registry.npmjs.org/fetch-blob/-/fetch-blob-3.2.0.tgz",
			"integrity": "sha512-7yAQpD2UMJzLi1Dqv7qFYnPbaPx7ZfFK6PiIxQ4PfkGPyNyl2Ugx+a/umUonmKqjhM4DnfbMvdX6otXq83soQQ==",
			"dev": true,
			"funding": [
				{
					"type": "github",
					"url": "https://github.com/sponsors/jimmywarting"
				},
				{
					"type": "paypal",
					"url": "https://paypal.me/jimmywarting"
				}
			],
			"dependencies": {
				"node-domexception": "^1.0.0",
				"web-streams-polyfill": "^3.0.3"
			},
			"engines": {
				"node": "^12.20 || >= 14.13"
			}
		},
		"node_modules/formdata-polyfill": {
			"version": "4.0.10",
			"resolved": "https://registry.npmjs.org/formdata-polyfill/-/formdata-polyfill-4.0.10.tgz",
			"integrity": "sha512-buewHzMvYL29jdeQTVILecSaZKnt/RJWjoZCF5OW60Z67/GmSLBkOFM7qh1PI3zFNtJbaZL5eQu1vLfazOwj4g==",
			"dev": true,
			"dependencies": {
				"fetch-blob": "^3.1.2"
			},
			"engines": {
				"node": ">=12.20.0"
			}
		},
		"node_modules/hono": {
			"version": "3.12.2",
			"resolved": "https://registry.npmjs.org/hono/-/hono-3.12.2.tgz",
			"integrity": "sha512-h8MlaLiWEeiqMtpQBBhWor4UTu/8bYWuv0yc7DaCRsG3Ny2rXdkXzrYrgc+FWXoyh06CL2QDB/HbjJ9XJLjEhw==",
			"engines": {
				"node": ">=16.0.0"
			}
		},
		"node_modules/nanoid": {
			"version": "4.0.2",
			"resolved": "https://registry.npmjs.org/nanoid/-/nanoid-4.0.2.tgz",
			"integrity": "sha512-7ZtY5KTCNheRGfEFxnedV5zFiORN1+Y1N6zvPTnHQd8ENUvfaDBeuJDZb2bN/oXwXxu3qkTXDzy57W5vAmDTBw==",
			"dev": true,
			"funding": [
				{
					"type": "github",
					"url": "https://github.com/sponsors/ai"
				}
			],
			"bin": {
				"nanoid": "bin/nanoid.js"
			},
			"engines": {
				"node": "^14 || ^16 || >=18"
			}
		},
		"node_modules/node-domexception": {
			"version": "1.0.0",
			"resolved": "https://registry.npmjs.org/node-domexception/-/node-domexception-1.0.0.tgz",
			"integrity": "sha512-/jKZoMpw0F8GRwl4/eLROPA3cfcXtLApP0QzLmUT/HuPCZWyB7IY9ZrMeKw2O/nFIqPQB3PVM9aYm0F312AXDQ==",
			"dev": true,
			"funding": [
				{
					"type": "github",
					"url": "https://github.com/sponsors/jimmywarting"
				},
				{
					"type": "github",
					"url": "https://paypal.me/jimmywarting"
				}
			],
			"engines": {
				"node": ">=10.5.0"
			}
		},
		"node_modules/node-fetch": {
			"version": "3.3.2",
			"resolved": "https://registry.npmjs.org/node-fetch/-/node-fetch-3.3.2.tgz",
			"integrity": "sha512-dRB78srN/l6gqWulah9SrxeYnxeddIG30+GOqK/9OlLVyLg3HPnr6SqOWTWOXKRwC2eGYCkZ59NNuSgvSrpgOA==",
			"dev": true,
			"dependencies": {
				"data-uri-to-buffer": "^4.0.0",
				"fetch-blob": "^3.1.4",
				"formdata-polyfill": "^4.0.10"
			},
			"engines": {
				"node": "^12.20.0 || ^14.13.1 || >=16.0.0"
			},
			"funding": {
				"type": "opencollective",
				"url": "https://opencollective.com/node-fetch"
			}
		},
		"node_modules/tweetnacl": {
			"version": "1.0.3",
			"resolved": "https://registry.npmjs.org/tweetnacl/-/tweetnacl-1.0.3.tgz",
			"integrity": "sha512-6rt+RN7aOi1nGMyC4Xa5DdYiukl2UWCbcJft7YhxReBGQD7OAM8Pbxw6YMo4r2diNEA8FEmu32YOn9rhaiE5yw==",
			"dev": true
		},
		"node_modules/typescript": {
			"version": "5.3.3",
			"resolved": "https://registry.npmjs.org/typescript/-/typescript-5.3.3.tgz",
			"integrity": "sha512-pXWcraxM0uxAS+tN0AG/BF2TyqmHO014Z070UsJ+pFvYuRSq8KH8DmWpnbXe0pEPDHXZV3FcAbJkijJ5oNEnWw==",
			"dev": true,
			"bin": {
				"tsc": "bin/tsc",
				"tsserver": "bin/tsserver"
			},
			"engines": {
				"node": ">=14.17"
			}
		},
		"node_modules/web-streams-polyfill": {
			"version": "3.3.2",
			"resolved": "https://registry.npmjs.org/web-streams-polyfill/-/web-streams-polyfill-3.3.2.tgz",
			"integrity": "sha512-3pRGuxRF5gpuZc0W+EpwQRmCD7gRqcDOMt688KmdlDAgAyaB1XlN0zq2njfDNm44XVdIouE7pZ6GzbdyH47uIQ==",
			"dev": true,
			"engines": {
				"node": ">= 8"
			}
		}
	}
}
